Microsoft Visual Studio Solution File, Format Version 12.00
# Visual Studio Version 17
VisualStudioVersion = 17.5.2.0
MinimumVisualStudioVersion = 10.0.40219.1
Project("{2150E333-8FDC-42A3-9474-1A3956D46DE8}") = "cli", "cli", "{342A349A-D343-8551-4064-2E2800C39E13}"
EndProject
Project("{FAE04EC0-301F-11D3-BF4B-00C04F79EFBC}") = "SwmmCli", "cli\SwmmCli\SwmmCli.csproj", "{63343019-AF06-7036-8829-C84D0230E5C2}"
EndProject
Global
	GlobalSection(SolutionConfigurationPlatforms) = preSolution
		Debug|Any CPU = Debug|Any CPU
		Release|Any CPU = Release|Any CPU
	EndGlobalSection
	GlobalSection(ProjectConfigurationPlatforms) = postSolution
		{63343019-AF06-7036-8829-C84D0230E5C2}.Debug|Any CPU.ActiveCfg = Debug|Any CPU
		{63343019-AF06-7036-8829-C84D0230E5C2}.Debug|Any CPU.Build.0 = Debug|Any CPU
		{63343019-AF06-7036-8829-C84D0230E5C2}.Release|Any CPU.ActiveCfg = Release|Any CPU
		{63343019-AF06-7036-8829-C84D0230E5C2}.Release|Any CPU.Build.0 = Release|Any CPU
	EndGlobalSection
	GlobalSection(SolutionProperties) = preSolution
		HideSolutionNode = FALSE
	EndGlobalSection
	GlobalSection(NestedProjects) = preSolution
		{63343019-AF06-7036-8829-C84D0230E5C2} = {342A349A-D343-8551-4064-2E2800C39E13}
	EndGlobalSection
	GlobalSection(ExtensibilityGlobals) = postSolution
		SolutionGuid = {6D73243A-C12A-4937-B2BE-6E31D59C191D}
	EndGlobalSection
EndGlobal
